
Microsoft Visual Studio Solution File, Format Version 12.00
# Visual Studio 15
VisualStudioVersion = 15.0.27130.2010
MinimumVisualStudioVersion = 10.0.40219.1
Project("{FAE04EC0-301F-11D3-BF4B-00C04F79EFBC}") = "GTA5Memory_UI", "GTA5Memory_UI\GTA5Memory_UI.csproj", "{6E490CB1-37B1-4B79-BE2D-EFFD138DC6CA}"
EndProject
Global
	GlobalSection(SolutionConfigurationPlatforms) = preSolution
		Debug|Any CPU = Debug|Any CPU
		Release|Any CPU = Release|Any CPU
	EndGlobalSection
	GlobalSection(ProjectConfigurationPlatforms) = postSolution
		{6E490CB1-37B1-4B79-BE2D-EFFD138DC6CA}.Debug|Any CPU.ActiveCfg = Debug|Any CPU
		{6E490CB1-37B1-4B79-BE2D-EFFD138DC6CA}.Debug|Any CPU.Build.0 = Debug|Any CPU
		{6E490CB1-37B1-4B79-BE2D-EFFD138DC6CA}.Release|Any CPU.ActiveCfg = Release|Any CPU
		{6E490CB1-37B1-4B79-BE2D-EFFD138DC6CA}.Release|Any CPU.Build.0 = Release|Any CPU
	EndGlobalSection
	GlobalSection(SolutionProperties) = preSolution
		HideSolutionNode = FALSE
	EndGlobalSection
	GlobalSection(ExtensibilityGlobals) = postSolution
		SolutionGuid = {69CA4101-5DE9-44E3-8A98-919378912A89}
	EndGlobalSection
EndGlobal
